---
sources:
- name: ruby/gem_rbs_collection
  remote: https://github.com/ruby/gem_rbs_collection.git
  revision: main
  repo_dir: gems
path: ".gem_rbs_collection"
gems:
- name: ast
  version: '2.4'
  source:
    type: git
    name: ruby/gem_rbs_collection
    revision: e920cbaa517738b75f3b1e70223a0e51da80d5aa
    remote: https://github.com/ruby/gem_rbs_collection.git
    repo_dir: gems
- name: benchmark
  version: '0'
  source:
    type: stdlib
- name: json
  version: '0'
  source:
    type: stdlib
- name: nokogiri
  version: '1.11'
  source:
    type: git
    name: ruby/gem_rbs_collection
    revision: e920cbaa517738b75f3b1e70223a0e51da80d5aa
    remote: https://github.com/ruby/gem_rbs_collection.git
    repo_dir: gems
- name: parallel
  version: '1.20'
  source:
    type: git
    name: ruby/gem_rbs_collection
    revision: e920cbaa517738b75f3b1e70223a0e51da80d5aa
    remote: https://github.com/ruby/gem_rbs_collection.git
    repo_dir: gems
- name: rainbow
  version: '3.0'
  source:
    type: git
    name: ruby/gem_rbs_collection
    revision: e920cbaa517738b75f3b1e70223a0e51da80d5aa
    remote: https://github.com/ruby/gem_rbs_collection.git
    repo_dir: gems
